# DO NOT EDIT MANUALLY - Managed by Fern Replay
version: "1.0"
generations:
  - commit_sha: afd4fc744e7df6698614501612beb584758674c4
    tree_hash: d01152392208f806b170833212ed4a776a6c4e3f
    timestamp: 2026-08-14T07:51:40.241Z
    cli_version: unknown
    generator_versions: {}
  - commit_sha: 96567a172d5a98ccb234620ea5ae66862def51da
    tree_hash: dbcc57642ce9e7c5735a8e9241d317cea45a311a
    timestamp: 2026-08-14T07:51:40.486Z
    cli_version: unknown
    generator_versions:
      fernapi/fern-typescript-sdk: 3.87.4
  - commit_sha: 96abbdae2a70ddbd4efb3b4ebebfc1627aba1ebc
    tree_hash: 8a59ed8657b1e97c34da952046dfc6482848b299
    timestamp: 2026-08-14T22:03:17.678Z
    cli_version: unknown
    generator_versions:
      fernapi/fern-typescript-sdk: 3.87.4
  - commit_sha: 3573b80775a03af8542a160aae3e5b5d32c03288
    tree_hash: 5a341fe4738d3370d9e6d3d29c888fb23faf4aa0
    timestamp: 2026-08-14T22:34:07.116Z
    cli_version: unknown
    generator_versions:
      fernapi/fern-typescript-sdk: 3.87.4
current_generation: 3573b80775a03af8542a160aae3e5b5d32c03288
patches: []
